Microsoft Visual Studio Solution File, Format Version 12.00
# Visual Studio Version 17
VisualStudioVersion = 17.14.36401.2
MinimumVisualStudioVersion = 10.0.40219.1
Project("{2150E333-8FDC-42A3-9474-1A3956D46DE8}") = "Aspire", "Aspire", "{616582C9-8FF8-4E45-B424-B72A8AF6A2DA}"
EndProject
Project("{FAE04EC0-301F-11D3-BF4B-00C04F79EFBC}") = "AppHost", "src\Aspire\AppHost\AppHost.csproj", "{97F29EC6-443A-4ACE-9EDD-8CD7DD432BF6}"
EndProject
Project("{FAE04EC0-301F-11D3-BF4B-00C04F79EFBC}") = "ServiceDefaults", "src\Aspire\ServiceDefaults\ServiceDefaults.csproj", "{21199DD6-6C18-D3ED-6597-C41C71A8638A}"
EndProject
Project("{2150E333-8FDC-42A3-9474-1A3956D46DE8}") = "Clients", "Clients", "{94593DB6-0289-4093-89CF-8C6CE288A11E}"
EndProject
Project("{FAE04EC0-301F-11D3-BF4B-00C04F79EFBC}") = "BlazorWebApp", "src\Clients\BlazorWebApp.csproj", "{F1EBB2A8-5D45-D60D-DF63-0CDFB1C0E96D}"
EndProject
Project("{2150E333-8FDC-42A3-9474-1A3956D46DE8}") = "Server", "Server", "{02EA681E-C7D8-13C7-8484-4AC65E1B71E8}"
EndProject
Project("{FAE04EC0-301F-11D3-BF4B-00C04F79EFBC}") = "Api", "src\Server\Api\Api.csproj", "{B0A16742-E080-C983-97E7-EC970F7CCAD5}"
EndProject
Project("{FAE04EC0-301F-11D3-BF4B-00C04F79EFBC}") = "Application", "src\Server\Application\Application.csproj", "{571F6413-E5F7-4DBC-BE29-CB8640F0B140}"
EndProject
Project("{FAE04EC0-301F-11D3-BF4B-00C04F79EFBC}") = "Domain", "src\Server\Domain\Domain.csproj", "{6EFACC6A-F4E4-4948-A1DF-FD34AEF68B3C}"
EndProject
Project("{FAE04EC0-301F-11D3-BF4B-00C04F79EFBC}") = "Infrastructure", "src\Server\Infrastructure\Infrastructure.csproj", "{F6AF7F3F-D7BD-4261-94F7-5108AA6C650D}"
EndProject
Project("{2150E333-8FDC-42A3-9474-1A3956D46DE8}") = "Migrations", "Migrations", "{CB711ACE-C0F0-4E17-92BE-BF5D3CFA33F7}"
EndProject
Project("{FAE04EC0-301F-11D3-BF4B-00C04F79EFBC}") = "PostgreSQL", "src\Server\Migrations\PostgreSQL\PostgreSQL.csproj", "{CC2253BF-D566-40BD-96AB-4DB745A95BCF}"
EndProject
Project("{FAE04EC0-301F-11D3-BF4B-00C04F79EFBC}") = "SQLite", "src\Server\Migrations\SQLite\SQLite.csproj", "{0BC6809C-0169-4A6B-83AB-E4024E64FB83}"
EndProject
Project("{2150E333-8FDC-42A3-9474-1A3956D46DE8}") = "Modules", "Modules", "{60FAA761-DEC3-4C4F-A516-0A034121EDD1}"
EndProject
Project("{FAE04EC0-301F-11D3-BF4B-00C04F79EFBC}") = "Catalog", "src\Server\Modules\Catalog\Catalog.csproj", "{33B13984-5199-42E1-B3FD-B6D6AB10C23B}"
EndProject
Project("{2150E333-8FDC-42A3-9474-1A3956D46DE8}") = "Tests", "Tests", "{A0B2A8B8-3D06-4C98-8DD9-D29C9EC7F8F4}"
EndProject
Project("{2150E333-8FDC-42A3-9474-1A3956D46DE8}") = "Shared", "Shared", "{95F87244-4AF0-41B6-9730-A116628EA7F2}"
EndProject
Project("{FAE04EC0-301F-11D3-BF4B-00C04F79EFBC}") = "Shared", "src\Shared\Shared.csproj", "{402AD380-F88E-492B-91E4-9A07EEB68695}"
EndProject
Project("{2150E333-8FDC-42A3-9474-1A3956D46DE8}") = "Solution Items", "Solution Items", "{B6BDCCFF-B2E7-435E-A522-112AF1959B68}"
	ProjectSection(SolutionItems) = preProject
		.dockerignore = .dockerignore
		.editorconfig = .editorconfig
		.gitattributes = .gitattributes
		.gitignore = .gitignore
		Directory.Build.props = Directory.Build.props
		Directory.Packages.props = Directory.Packages.props
		README.md = README.md
	EndProjectSection
EndProject
Project("{FAE04EC0-301F-11D3-BF4B-00C04F79EFBC}") = "Todo", "src\Server\Modules\Todo\Todo.csproj", "{DB362DBB-F5AC-4D2D-801D-6231E92DD907}"
EndProject
Project("{FAE04EC0-301F-11D3-BF4B-00C04F79EFBC}") = "Shared", "tests\Shared\Shared.csproj", "{64634713-3A27-EFEF-8299-CEB1E86DA1DC}"
EndProject
Project("{FAE04EC0-301F-11D3-BF4B-00C04F79EFBC}") = "Application", "tests\Server\Application\Application.csproj", "{82B210EC-4E27-50BC-9873-F859D4DBB89A}"
EndProject
Project("{FAE04EC0-301F-11D3-BF4B-00C04F79EFBC}") = "Infrastructure", "tests\Server\Infrastructure\Infrastructure.csproj", "{09C4D4D7-5640-D203-14E2-0FE173F347EB}"
EndProject
Project("{FAE04EC0-301F-11D3-BF4B-00C04F79EFBC}") = "Api", "tests\Server\Api\Api.csproj", "{275F00F0-4CFD-9028-30BA-2F50ECB2DE81}"
EndProject
Project("{FAE04EC0-301F-11D3-BF4B-00C04F79EFBC}") = "BlazorWebApp", "tests\Clients\BlazorWebApp\BlazorWebApp.csproj", "{4BFE1324-368D-660D-E83C-BFB85F3CB26C}"
EndProject
Project("{2150E333-8FDC-42A3-9474-1A3956D46DE8}") = "Server", "Server", "{58F2A2C7-272F-4950-B186-5638988C6A79}"
EndProject
Project("{2150E333-8FDC-42A3-9474-1A3956D46DE8}") = "Clients", "Clients", "{32311DAD-BC0B-4EB2-AA1C-92FED61B8AFF}"
EndProject
Project("{2150E333-8FDC-42A3-9474-1A3956D46DE8}") = "Shared", "Shared", "{5248C038-22FD-486A-93D2-DB3BB1001538}"
EndProject
Global
	GlobalSection(SolutionConfigurationPlatforms) = preSolution
		Debug|Any CPU = Debug|Any CPU
		Release|Any CPU = Release|Any CPU
	EndGlobalSection
	GlobalSection(ProjectConfigurationPlatforms) = postSolution
		{97F29EC6-443A-4ACE-9EDD-8CD7DD432BF6}.Debug|Any CPU.ActiveCfg = Debug|Any CPU
		{97F29EC6-443A-4ACE-9EDD-8CD7DD432BF6}.Debug|Any CPU.Build.0 = Debug|Any CPU
		{97F29EC6-443A-4ACE-9EDD-8CD7DD432BF6}.Release|Any CPU.ActiveCfg = Release|Any CPU
		{97F29EC6-443A-4ACE-9EDD-8CD7DD432BF6}.Release|Any CPU.Build.0 = Release|Any CPU
		{21199DD6-6C18-D3ED-6597-C41C71A8638A}.Debug|Any CPU.ActiveCfg = Debug|Any CPU
		{21199DD6-6C18-D3ED-6597-C41C71A8638A}.Debug|Any CPU.Build.0 = Debug|Any CPU
		{21199DD6-6C18-D3ED-6597-C41C71A8638A}.Release|Any CPU.ActiveCfg = Release|Any CPU
		{21199DD6-6C18-D3ED-6597-C41C71A8638A}.Release|Any CPU.Build.0 = Release|Any CPU
		{F1EBB2A8-5D45-D60D-DF63-0CDFB1C0E96D}.Debug|Any CPU.ActiveCfg = Debug|Any CPU
		{F1EBB2A8-5D45-D60D-DF63-0CDFB1C0E96D}.Debug|Any CPU.Build.0 = Debug|Any CPU
		{F1EBB2A8-5D45-D60D-DF63-0CDFB1C0E96D}.Release|Any CPU.ActiveCfg = Release|Any CPU
		{F1EBB2A8-5D45-D60D-DF63-0CDFB1C0E96D}.Release|Any CPU.Build.0 = Release|Any CPU
		{B0A16742-E080-C983-97E7-EC970F7CCAD5}.Debug|Any CPU.ActiveCfg = Debug|Any CPU
		{B0A16742-E080-C983-97E7-EC970F7CCAD5}.Debug|Any CPU.Build.0 = Debug|Any CPU
		{B0A16742-E080-C983-97E7-EC970F7CCAD5}.Release|Any CPU.ActiveCfg = Release|Any CPU
		{B0A16742-E080-C983-97E7-EC970F7CCAD5}.Release|Any CPU.Build.0 = Release|Any CPU
		{571F6413-E5F7-4DBC-BE29-CB8640F0B140}.Debug|Any CPU.ActiveCfg = Debug|Any CPU
		{571F6413-E5F7-4DBC-BE29-CB8640F0B140}.Debug|Any CPU.Build.0 = Debug|Any CPU
		{571F6413-E5F7-4DBC-BE29-CB8640F0B140}.Release|Any CPU.ActiveCfg = Release|Any CPU
		{571F6413-E5F7-4DBC-BE29-CB8640F0B140}.Release|Any CPU.Build.0 = Release|Any CPU
		{6EFACC6A-F4E4-4948-A1DF-FD34AEF68B3C}.Debug|Any CPU.ActiveCfg = Debug|Any CPU
		{6EFACC6A-F4E4-4948-A1DF-FD34AEF68B3C}.Debug|Any CPU.Build.0 = Debug|Any CPU
		{6EFACC6A-F4E4-4948-A1DF-FD34AEF68B3C}.Release|Any CPU.ActiveCfg = Release|Any CPU
		{6EFACC6A-F4E4-4948-A1DF-FD34AEF68B3C}.Release|Any CPU.Build.0 = Release|Any CPU
		{F6AF7F3F-D7BD-4261-94F7-5108AA6C650D}.Debug|Any CPU.ActiveCfg = Debug|Any CPU
		{F6AF7F3F-D7BD-4261-94F7-5108AA6C650D}.Debug|Any CPU.Build.0 = Debug|Any CPU
		{F6AF7F3F-D7BD-4261-94F7-5108AA6C650D}.Release|Any CPU.ActiveCfg = Release|Any CPU
		{F6AF7F3F-D7BD-4261-94F7-5108AA6C650D}.Release|Any CPU.Build.0 = Release|Any CPU
		{CC2253BF-D566-40BD-96AB-4DB745A95BCF}.Debug|Any CPU.ActiveCfg = Debug|Any CPU
		{CC2253BF-D566-40BD-96AB-4DB745A95BCF}.Debug|Any CPU.Build.0 = Debug|Any CPU
		{CC2253BF-D566-40BD-96AB-4DB745A95BCF}.Release|Any CPU.ActiveCfg = Release|Any CPU
		{CC2253BF-D566-40BD-96AB-4DB745A95BCF}.Release|Any CPU.Build.0 = Release|Any CPU
		{0BC6809C-0169-4A6B-83AB-E4024E64FB83}.Debug|Any CPU.ActiveCfg = Debug|Any CPU
		{0BC6809C-0169-4A6B-83AB-E4024E64FB83}.Debug|Any CPU.Build.0 = Debug|Any CPU
		{0BC6809C-0169-4A6B-83AB-E4024E64FB83}.Release|Any CPU.ActiveCfg = Release|Any CPU
		{0BC6809C-0169-4A6B-83AB-E4024E64FB83}.Release|Any CPU.Build.0 = Release|Any CPU
		{33B13984-5199-42E1-B3FD-B6D6AB10C23B}.Debug|Any CPU.ActiveCfg = Debug|Any CPU
		{33B13984-5199-42E1-B3FD-B6D6AB10C23B}.Debug|Any CPU.Build.0 = Debug|Any CPU
		{33B13984-5199-42E1-B3FD-B6D6AB10C23B}.Release|Any CPU.ActiveCfg = Release|Any CPU
		{33B13984-5199-42E1-B3FD-B6D6AB10C23B}.Release|Any CPU.Build.0 = Release|Any CPU
		{402AD380-F88E-492B-91E4-9A07EEB68695}.Debug|Any CPU.ActiveCfg = Debug|Any CPU
		{402AD380-F88E-492B-91E4-9A07EEB68695}.Debug|Any CPU.Build.0 = Debug|Any CPU
		{402AD380-F88E-492B-91E4-9A07EEB68695}.Release|Any CPU.ActiveCfg = Release|Any CPU
		{402AD380-F88E-492B-91E4-9A07EEB68695}.Release|Any CPU.Build.0 = Release|Any CPU
		{DB362DBB-F5AC-4D2D-801D-6231E92DD907}.Debug|Any CPU.ActiveCfg = Debug|Any CPU
		{DB362DBB-F5AC-4D2D-801D-6231E92DD907}.Debug|Any CPU.Build.0 = Debug|Any CPU
		{DB362DBB-F5AC-4D2D-801D-6231E92DD907}.Release|Any CPU.ActiveCfg = Release|Any CPU
		{DB362DBB-F5AC-4D2D-801D-6231E92DD907}.Release|Any CPU.Build.0 = Release|Any CPU
		{64634713-3A27-EFEF-8299-CEB1E86DA1DC}.Debug|Any CPU.ActiveCfg = Debug|Any CPU
		{64634713-3A27-EFEF-8299-CEB1E86DA1DC}.Debug|Any CPU.Build.0 = Debug|Any CPU
		{64634713-3A27-EFEF-8299-CEB1E86DA1DC}.Release|Any CPU.ActiveCfg = Release|Any CPU
		{64634713-3A27-EFEF-8299-CEB1E86DA1DC}.Release|Any CPU.Build.0 = Release|Any CPU
		{82B210EC-4E27-50BC-9873-F859D4DBB89A}.Debug|Any CPU.ActiveCfg = Debug|Any CPU
		{82B210EC-4E27-50BC-9873-F859D4DBB89A}.Debug|Any CPU.Build.0 = Debug|Any CPU
		{82B210EC-4E27-50BC-9873-F859D4DBB89A}.Release|Any CPU.ActiveCfg = Release|Any CPU
		{82B210EC-4E27-50BC-9873-F859D4DBB89A}.Release|Any CPU.Build.0 = Release|Any CPU
		{09C4D4D7-5640-D203-14E2-0FE173F347EB}.Debug|Any CPU.ActiveCfg = Debug|Any CPU
		{09C4D4D7-5640-D203-14E2-0FE173F347EB}.Debug|Any CPU.Build.0 = Debug|Any CPU
		{09C4D4D7-5640-D203-14E2-0FE173F347EB}.Release|Any CPU.ActiveCfg = Release|Any CPU
		{09C4D4D7-5640-D203-14E2-0FE173F347EB}.Release|Any CPU.Build.0 = Release|Any CPU
		{275F00F0-4CFD-9028-30BA-2F50ECB2DE81}.Debug|Any CPU.ActiveCfg = Debug|Any CPU
		{275F00F0-4CFD-9028-30BA-2F50ECB2DE81}.Debug|Any CPU.Build.0 = Debug|Any CPU
		{275F00F0-4CFD-9028-30BA-2F50ECB2DE81}.Release|Any CPU.ActiveCfg = Release|Any CPU
		{275F00F0-4CFD-9028-30BA-2F50ECB2DE81}.Release|Any CPU.Build.0 = Release|Any CPU
		{4BFE1324-368D-660D-E83C-BFB85F3CB26C}.Debug|Any CPU.ActiveCfg = Debug|Any CPU
		{4BFE1324-368D-660D-E83C-BFB85F3CB26C}.Debug|Any CPU.Build.0 = Debug|Any CPU
		{4BFE1324-368D-660D-E83C-BFB85F3CB26C}.Release|Any CPU.ActiveCfg = Release|Any CPU
		{4BFE1324-368D-660D-E83C-BFB85F3CB26C}.Release|Any CPU.Build.0 = Release|Any CPU
	EndGlobalSection
	GlobalSection(SolutionProperties) = preSolution
		HideSolutionNode = FALSE
	EndGlobalSection
	GlobalSection(NestedProjects) = preSolution
		{97F29EC6-443A-4ACE-9EDD-8CD7DD432BF6} = {616582C9-8FF8-4E45-B424-B72A8AF6A2DA}
		{21199DD6-6C18-D3ED-6597-C41C71A8638A} = {616582C9-8FF8-4E45-B424-B72A8AF6A2DA}
		{F1EBB2A8-5D45-D60D-DF63-0CDFB1C0E96D} = {94593DB6-0289-4093-89CF-8C6CE288A11E}
		{B0A16742-E080-C983-97E7-EC970F7CCAD5} = {02EA681E-C7D8-13C7-8484-4AC65E1B71E8}
		{571F6413-E5F7-4DBC-BE29-CB8640F0B140} = {02EA681E-C7D8-13C7-8484-4AC65E1B71E8}
		{6EFACC6A-F4E4-4948-A1DF-FD34AEF68B3C} = {02EA681E-C7D8-13C7-8484-4AC65E1B71E8}
		{F6AF7F3F-D7BD-4261-94F7-5108AA6C650D} = {02EA681E-C7D8-13C7-8484-4AC65E1B71E8}
		{CB711ACE-C0F0-4E17-92BE-BF5D3CFA33F7} = {02EA681E-C7D8-13C7-8484-4AC65E1B71E8}
		{CC2253BF-D566-40BD-96AB-4DB745A95BCF} = {CB711ACE-C0F0-4E17-92BE-BF5D3CFA33F7}
		{0BC6809C-0169-4A6B-83AB-E4024E64FB83} = {CB711ACE-C0F0-4E17-92BE-BF5D3CFA33F7}
		{60FAA761-DEC3-4C4F-A516-0A034121EDD1} = {02EA681E-C7D8-13C7-8484-4AC65E1B71E8}
		{33B13984-5199-42E1-B3FD-B6D6AB10C23B} = {60FAA761-DEC3-4C4F-A516-0A034121EDD1}
		{402AD380-F88E-492B-91E4-9A07EEB68695} = {95F87244-4AF0-41B6-9730-A116628EA7F2}
		{DB362DBB-F5AC-4D2D-801D-6231E92DD907} = {60FAA761-DEC3-4C4F-A516-0A034121EDD1}
		{64634713-3A27-EFEF-8299-CEB1E86DA1DC} = {5248C038-22FD-486A-93D2-DB3BB1001538}
		{82B210EC-4E27-50BC-9873-F859D4DBB89A} = {58F2A2C7-272F-4950-B186-5638988C6A79}
		{09C4D4D7-5640-D203-14E2-0FE173F347EB} = {58F2A2C7-272F-4950-B186-5638988C6A79}
		{275F00F0-4CFD-9028-30BA-2F50ECB2DE81} = {58F2A2C7-272F-4950-B186-5638988C6A79}
		{4BFE1324-368D-660D-E83C-BFB85F3CB26C} = {32311DAD-BC0B-4EB2-AA1C-92FED61B8AFF}
		{58F2A2C7-272F-4950-B186-5638988C6A79} = {A0B2A8B8-3D06-4C98-8DD9-D29C9EC7F8F4}
		{32311DAD-BC0B-4EB2-AA1C-92FED61B8AFF} = {A0B2A8B8-3D06-4C98-8DD9-D29C9EC7F8F4}
		{5248C038-22FD-486A-93D2-DB3BB1001538} = {A0B2A8B8-3D06-4C98-8DD9-D29C9EC7F8F4}
	EndGlobalSection
	GlobalSection(ExtensibilityGlobals) = postSolution
		SolutionGuid = {3A9DF832-6F9B-441B-8637-CBBC0EA283CB}
	EndGlobalSection
EndGlobal
